
Microsoft Visual Studio Solution File, Format Version 12.00
# Visual Studio Version 16
VisualStudioVersion = 16.0.36227.6
MinimumVisualStudioVersion = 10.0.40219.1
Project("{F184B08F-C81C-45F6-A57F-5ABD9991F28F}") = "Create Documents", "Create Documents.vbproj", "{9B30E7A4-4926-4971-9C0D-EDADA533FAC6}"
EndProject
Global
	GlobalSection(SolutionConfigurationPlatforms) = preSolution
		Debug|Any CPU = Debug|Any CPU
		Release|Any CPU = Release|Any CPU
	EndGlobalSection
	GlobalSection(ProjectConfigurationPlatforms) = postSolution
		{9B30E7A4-4926-4971-9C0D-EDADA533FAC6}.Debug|Any CPU.ActiveCfg = Debug|Any CPU
		{9B30E7A4-4926-4971-9C0D-EDADA533FAC6}.Debug|Any CPU.Build.0 = Debug|Any CPU
		{9B30E7A4-4926-4971-9C0D-EDADA533FAC6}.Release|Any CPU.ActiveCfg = Release|Any CPU
		{9B30E7A4-4926-4971-9C0D-EDADA533FAC6}.Release|Any CPU.Build.0 = Release|Any CPU
	EndGlobalSection
	GlobalSection(SolutionProperties) = preSolution
		HideSolutionNode = FALSE
	EndGlobalSection
	GlobalSection(ExtensibilityGlobals) = postSolution
		SolutionGuid = {3A3CC269-9CC4-4813-B634-AEAB4D971DD6}
	EndGlobalSection
EndGlobal
